
Microsoft Visual Studio Solution File, Format Version 12.00
# Visual Studio Version 17
VisualStudioVersion = 17.12.35514.174
MinimumVisualStudioVersion = 10.0.40219.1
Project("{FAE04EC0-301F-11D3-BF4B-00C04F79EFBC}") = "API.Usuarios.API", "API.Usuarios.API\API.Usuarios.API.csproj", "{FF96C7E8-37DB-487D-BE9E-3BC0444FB99C}"
EndProject
Project("{FAE04EC0-301F-11D3-BF4B-00C04F79EFBC}") = "API.Usuarios.Models", "API.Usuarios.Models\API.Usuarios.Models.csproj", "{4E25CC5A-C497-4A0E-AB70-90D4A7E5318C}"
EndProject
Project("{FAE04EC0-301F-11D3-BF4B-00C04F79EFBC}") = "API.Usuarios.Data", "API.Usuarios.Data\API.Usuarios.Data.csproj", "{8F6B4801-C2EB-4B88-9EEF-7E73D5739DB2}"
EndProject
Project("{FAE04EC0-301F-11D3-BF4B-00C04F79EFBC}") = "API.Usuarios.Services", "API.Usuarios.Services\API.Usuarios.Services.csproj", "{622FF976-A9CA-4EAC-B12F-DFBEB99C8F90}"
EndProject
Global
	GlobalSection(SolutionConfigurationPlatforms) = preSolution
		Debug|Any CPU = Debug|Any CPU
		Release|Any CPU = Release|Any CPU
	EndGlobalSection
	GlobalSection(ProjectConfigurationPlatforms) = postSolution
		{FF96C7E8-37DB-487D-BE9E-3BC0444FB99C}.Debug|Any CPU.ActiveCfg = Debug|Any CPU
		{FF96C7E8-37DB-487D-BE9E-3BC0444FB99C}.Debug|Any CPU.Build.0 = Debug|Any CPU
		{FF96C7E8-37DB-487D-BE9E-3BC0444FB99C}.Release|Any CPU.ActiveCfg = Release|Any CPU
		{FF96C7E8-37DB-487D-BE9E-3BC0444FB99C}.Release|Any CPU.Build.0 = Release|Any CPU
		{4E25CC5A-C497-4A0E-AB70-90D4A7E5318C}.Debug|Any CPU.ActiveCfg = Debug|Any CPU
		{4E25CC5A-C497-4A0E-AB70-90D4A7E5318C}.Debug|Any CPU.Build.0 = Debug|Any CPU
		{4E25CC5A-C497-4A0E-AB70-90D4A7E5318C}.Release|Any CPU.ActiveCfg = Release|Any CPU
		{4E25CC5A-C497-4A0E-AB70-90D4A7E5318C}.Release|Any CPU.Build.0 = Release|Any CPU
		{8F6B4801-C2EB-4B88-9EEF-7E73D5739DB2}.Debug|Any CPU.ActiveCfg = Debug|Any CPU
		{8F6B4801-C2EB-4B88-9EEF-7E73D5739DB2}.Debug|Any CPU.Build.0 = Debug|Any CPU
		{8F6B4801-C2EB-4B88-9EEF-7E73D5739DB2}.Release|Any CPU.ActiveCfg = Release|Any CPU
		{8F6B4801-C2EB-4B88-9EEF-7E73D5739DB2}.Release|Any CPU.Build.0 = Release|Any CPU
		{622FF976-A9CA-4EAC-B12F-DFBEB99C8F90}.Debug|Any CPU.ActiveCfg = Debug|Any CPU
		{622FF976-A9CA-4EAC-B12F-DFBEB99C8F90}.Debug|Any CPU.Build.0 = Debug|Any CPU
		{622FF976-A9CA-4EAC-B12F-DFBEB99C8F90}.Release|Any CPU.ActiveCfg = Release|Any CPU
		{622FF976-A9CA-4EAC-B12F-DFBEB99C8F90}.Release|Any CPU.Build.0 = Release|Any CPU
	EndGlobalSection
	GlobalSection(SolutionProperties) = preSolution
		HideSolutionNode = FALSE
	EndGlobalSection
EndGlobal
